{
  "name": "small-tools-lab",
  "version": "1.0.0",
  "lockfileVersion": 3,
  "requires": true,
  "packages": {
    "": {
      "name": "small-tools-lab",
      "version": "1.0.0",
      "license": "MIT",
      "workspaces": [
        "projects/*"
      ],
      "engines": {
        "node": ">=20"
      }
    },
    "node_modules/action-budget": {
      "resolved": "projects/action-budget",
      "link": true
    },
    "node_modules/agent-trace-local": {
      "resolved": "projects/agent-trace",
      "link": true
    },
    "node_modules/base64": {
      "resolved": "projects/base64",
      "link": true
    },
    "node_modules/chromacraft": {
      "resolved": "projects/chromacraft",
      "link": true
    },
    "node_modules/cidr-toolkit": {
      "resolved": "projects/cidr",
      "link": true
    },
    "node_modules/colorconv": {
      "resolved": "projects/colorconv",
      "link": true
    },
    "node_modules/cron-describe": {
      "resolved": "projects/cron-describe",
      "link": true
    },
    "node_modules/cronly": {
      "resolved": "projects/cronly",
      "link": true
    },
    "node_modules/csvjson": {
      "resolved": "projects/csvjson",
      "link": true
    },
    "node_modules/ctxcalc": {
      "resolved": "projects/ctxcalc",
      "link": true
    },
    "node_modules/curlcon": {
      "resolved": "projects/curlcon",
      "link": true
    },
    "node_modules/diffwords": {
      "resolved": "projects/diffwords",
      "link": true
    },
    "node_modules/env-matrix": {
      "resolved": "projects/env-matrix",
      "link": true
    },
    "node_modules/epoch": {
      "resolved": "projects/epoch",
      "link": true
    },
    "node_modules/forge-ready": {
      "resolved": "projects/forge-ready",
      "link": true
    },
    "node_modules/git-risk-map": {
      "resolved": "projects/git-risk-map",
      "link": true
    },
    "node_modules/harnesslint": {
      "resolved": "projects/harnesslint",
      "link": true
    },
    "node_modules/hashforge": {
      "resolved": "projects/hashforge",
      "link": true
    },
    "node_modules/ignore-doctor": {
      "resolved": "projects/ignore-doctor",
      "link": true
    },
    "node_modules/jsonfmt": {
      "resolved": "projects/jsonfmt",
      "link": true
    },
    "node_modules/jsonq": {
      "resolved": "projects/jsonq",
      "link": true
    },
    "node_modules/jwtpeek": {
      "resolved": "projects/jwtpeek",
      "link": true
    },
    "node_modules/leafnote": {
      "resolved": "projects/leafnote",
      "link": true
    },
    "node_modules/lockfile-lens": {
      "resolved": "projects/lockfile-lens",
      "link": true
    },
    "node_modules/log-sift": {
      "resolved": "projects/log-sift",
      "link": true
    },
    "node_modules/mcp-capability-probe": {
      "resolved": "projects/mcp-probe",
      "link": true
    },
    "node_modules/password-strength-local": {
      "resolved": "projects/password-strength",
      "link": true
    },
    "node_modules/patchbrief": {
      "resolved": "projects/patchbrief",
      "link": true
    },
    "node_modules/port-matrix": {
      "resolved": "projects/port-matrix",
      "link": true
    },
    "node_modules/port-origin": {
      "resolved": "projects/port-origin",
      "link": true
    },
    "node_modules/quanty": {
      "resolved": "projects/quanty",
      "link": true
    },
    "node_modules/query-parse": {
      "resolved": "projects/query-parse",
      "link": true
    },
    "node_modules/radix": {
      "resolved": "projects/radix",
      "link": true
    },
    "node_modules/readme-studio": {
      "resolved": "projects/readme-studio",
      "link": true
    },
    "node_modules/regex-visualizer-local": {
      "resolved": "projects/regex-visualizer",
      "link": true
    },
    "node_modules/schema-scout": {
      "resolved": "projects/schema-scout",
      "link": true
    },
    "node_modules/secure-password-generator": {
      "resolved": "projects/password-generator",
      "link": true
    },
    "node_modules/semver-check": {
      "resolved": "projects/semver",
      "link": true
    },
    "node_modules/sketchly": {
      "resolved": "projects/sketchly",
      "link": true
    },
    "node_modules/skill-sentry": {
      "resolved": "projects/skill-sentry",
      "link": true
    },
    "node_modules/sqlfmt-lite": {
      "resolved": "projects/sqlfmt",
      "link": true
    },
    "node_modules/subzen": {
      "resolved": "projects/subzen",
      "link": true
    },
    "node_modules/text-forge": {
      "resolved": "projects/text-forge",
      "link": true
    },
    "node_modules/timeweave": {
      "resolved": "projects/timeweave",
      "link": true
    },
    "node_modules/ulid-toolkit": {
      "resolved": "projects/ulid",
      "link": true
    },
    "node_modules/unit-convert": {
      "resolved": "projects/unit-convert",
      "link": true
    },
    "node_modules/uuidgen": {
      "resolved": "projects/uuidgen",
      "link": true
    },
    "node_modules/wordcount": {
      "resolved": "projects/wordcount",
      "link": true
    },
    "node_modules/yaml": {
      "version": "2.9.0",
      "resolved": "https://registry.npmjs.org/yaml/-/yaml-2.9.0.tgz",
      "integrity": "sha512-2AvhNX3mb8zd6Zy7INTtSpl1F15HW6Wnqj0srWlkKLcpYl/gMIMJiyuGq2KeI2YFxUPjdlB+3Lc10seMLtL4cA==",
      "license": "ISC",
      "bin": {
        "yaml": "bin.mjs"
      },
      "engines": {
        "node": ">= 14.6"
      },
      "funding": {
        "url": "https://github.com/sponsors/eemeli"
      }
    },
    "node_modules/yaml-json": {
      "resolved": "projects/yaml-json",
      "link": true
    },
    "projects/action-budget": {
      "version": "0.1.0",
      "license": "MIT",
      "dependencies": {
        "yaml": "^2.9.0"
      },
      "bin": {
        "action-budget": "bin/action-budget.js",
        "actionbudget": "bin/action-budget.js"
      },
      "engines": {
        "node": ">=20"
      }
    },
    "projects/agent-trace": {
      "name": "agent-trace-local",
      "version": "0.1.0",
      "license": "MIT",
      "bin": {
        "agent-trace": "bin/agent-trace.js"
      },
      "devDependencies": {},
      "engines": {
        "node": ">=20"
      }
    },
    "projects/base64": {
      "version": "1.0.0",
      "license": "MIT",
      "engines": {
        "node": ">=20"
      }
    },
    "projects/chromacraft": {
      "version": "1.0.0",
      "license": "MIT",
      "engines": {
        "node": ">=20"
      }
    },
    "projects/cidr": {
      "name": "cidr-toolkit",
      "version": "1.0.0",
      "license": "MIT",
      "engines": {
        "node": ">=20"
      }
    },
    "projects/colorconv": {
      "version": "1.0.0",
      "license": "MIT",
      "engines": {
        "node": ">=20"
      }
    },
    "projects/cron-describe": {
      "version": "1.0.0",
      "license": "MIT",
      "bin": {
        "cron-describe": "bin/cron-describe.js"
      },
      "devDependencies": {},
      "engines": {
        "node": ">=20"
      }
    },
    "projects/cronly": {
      "version": "0.1.0",
      "license": "MIT",
      "bin": {
        "cronly": "bin/cronly.js"
      },
      "devDependencies": {},
      "engines": {
        "node": ">=18.0.0"
      }
    },
    "projects/csvjson": {
      "version": "1.0.0",
      "license": "MIT",
      "engines": {
        "node": ">=20"
      }
    },
    "projects/ctxcalc": {
      "version": "1.0.0",
      "license": "MIT",
      "bin": {
        "ctxcalc": "bin/ctxcalc.js"
      },
      "devDependencies": {},
      "engines": {
        "node": ">=20"
      }
    },
    "projects/curlcon": {
      "version": "1.0.0",
      "license": "MIT",
      "engines": {
        "node": ">=20"
      }
    },
    "projects/diffwords": {
      "version": "0.1.0",
      "license": "MIT",
      "bin": {
        "diffwords": "bin/diffwords.js"
      },
      "devDependencies": {},
      "engines": {
        "node": ">=18.0.0"
      }
    },
    "projects/env-matrix": {
      "version": "0.1.0",
      "license": "MIT",
      "bin": {
        "env-matrix": "bin/env-matrix.js",
        "envmatrix": "bin/env-matrix.js"
      },
      "engines": {
        "node": ">=20"
      }
    },
    "projects/epoch": {
      "version": "1.0.0",
      "license": "MIT",
      "engines": {
        "node": ">=20"
      }
    },
    "projects/forge-ready": {
      "version": "0.1.0",
      "license": "MIT",
      "bin": {
        "forge-ready": "bin/forge-ready.js",
        "forgeready": "bin/forge-ready.js"
      },
      "engines": {
        "node": ">=20"
      }
    },
    "projects/git-risk-map": {
      "version": "0.1.0",
      "license": "MIT",
      "bin": {
        "git-risk-map": "bin/git-risk-map.js",
        "riskmap": "bin/git-risk-map.js"
      },
      "engines": {
        "node": ">=20"
      }
    },
    "projects/harnesslint": {
      "version": "0.1.0",
      "license": "MIT",
      "bin": {
        "harnesslint": "bin/harnesslint.js"
      },
      "engines": {
        "node": ">=20"
      }
    },
    "projects/hashforge": {
      "version": "0.1.0",
      "license": "MIT",
      "bin": {
        "hashforge": "bin/hashforge.js"
      },
      "engines": {
        "node": ">=18"
      }
    },
    "projects/ignore-doctor": {
      "version": "0.1.0",
      "license": "MIT",
      "bin": {
        "ignore-doctor": "bin/ignore-doctor.js",
        "ignoredoctor": "bin/ignore-doctor.js"
      },
      "engines": {
        "node": ">=20"
      }
    },
    "projects/jsonfmt": {
      "version": "1.0.0",
      "license": "MIT",
      "engines": {
        "node": ">=20"
      }
    },
    "projects/jsonq": {
      "version": "0.1.0",
      "license": "MIT",
      "bin": {
        "jsonq": "bin/jsonq.js"
      },
      "engines": {
        "node": ">=18"
      }
    },
    "projects/jwtpeek": {
      "version": "1.0.0",
      "license": "MIT",
      "bin": {
        "jwtpeek": "bin/jwtpeek.js"
      },
      "devDependencies": {},
      "engines": {
        "node": ">=20"
      }
    },
    "projects/leafnote": {
      "version": "0.1.0",
      "license": "MIT",
      "bin": {
        "leafnote": "serve.js"
      },
      "engines": {
        "node": ">=18"
      }
    },
    "projects/lockfile-lens": {
      "version": "0.1.0",
      "license": "MIT",
      "bin": {
        "lockfile-lens": "bin/lockfile-lens.js",
        "locklens": "bin/lockfile-lens.js"
      },
      "engines": {
        "node": ">=20"
      }
    },
    "projects/log-sift": {
      "version": "0.1.0",
      "license": "MIT",
      "bin": {
        "log-sift": "bin/log-sift.js",
        "logsift": "bin/log-sift.js"
      },
      "engines": {
        "node": ">=20"
      }
    },
    "projects/mcp-probe": {
      "name": "mcp-capability-probe",
      "version": "0.1.0",
      "license": "MIT",
      "bin": {
        "mcp-probe": "bin/mcp-probe.js"
      },
      "devDependencies": {},
      "engines": {
        "node": ">=20"
      }
    },
    "projects/password-generator": {
      "name": "secure-password-generator",
      "version": "1.0.0",
      "license": "MIT",
      "engines": {
        "node": ">=20"
      }
    },
    "projects/password-strength": {
      "name": "password-strength-local",
      "version": "1.0.0",
      "license": "MIT",
      "bin": {
        "password-strength": "bin/password-strength.js"
      },
      "devDependencies": {}
    },
    "projects/patchbrief": {
      "version": "0.1.0",
      "license": "MIT",
      "bin": {
        "patchbrief": "bin/patchbrief.js"
      },
      "engines": {
        "node": ">=20"
      }
    },
    "projects/port-matrix": {
      "version": "0.1.0",
      "license": "MIT",
      "dependencies": {
        "yaml": "^2.9.0"
      },
      "bin": {
        "port-matrix": "bin/port-matrix.js",
        "portmatrix": "bin/port-matrix.js"
      },
      "engines": {
        "node": ">=20"
      }
    },
    "projects/port-origin": {
      "version": "0.1.0",
      "license": "MIT",
      "bin": {
        "port-origin": "bin/port-origin.js"
      },
      "devDependencies": {},
      "engines": {
        "node": ">=20"
      }
    },
    "projects/quanty": {
      "version": "0.1.0",
      "license": "MIT",
      "bin": {
        "quanty": "bin/quanty.js"
      },
      "engines": {
        "node": ">=18"
      }
    },
    "projects/query-parse": {
      "version": "1.0.0",
      "license": "MIT",
      "engines": {
        "node": ">=20"
      }
    },
    "projects/radix": {
      "version": "1.0.0",
      "license": "MIT",
      "bin": {
        "radix": "bin/radix.js"
      },
      "devDependencies": {},
      "engines": {
        "node": ">=20"
      }
    },
    "projects/readme-studio": {
      "version": "1.0.0",
      "license": "MIT",
      "engines": {
        "node": ">=20"
      }
    },
    "projects/regex-visualizer": {
      "name": "regex-visualizer-local",
      "version": "1.0.0",
      "license": "MIT",
      "bin": {
        "regex-visualizer": "bin/regex-visualizer.js"
      },
      "devDependencies": {}
    },
    "projects/schema-scout": {
      "version": "1.0.0",
      "license": "MIT",
      "engines": {
        "node": ">=20"
      }
    },
    "projects/semver": {
      "name": "semver-check",
      "version": "1.0.0",
      "license": "MIT",
      "engines": {
        "node": ">=20"
      }
    },
    "projects/sketchly": {
      "version": "0.1.0",
      "license": "MIT",
      "bin": {
        "sketchly": "serve.js"
      },
      "engines": {
        "node": ">=18"
      }
    },
    "projects/skill-sentry": {
      "version": "0.1.0",
      "license": "MIT",
      "bin": {
        "skill-sentry": "bin/skill-sentry.js"
      },
      "devDependencies": {},
      "engines": {
        "node": ">=20"
      }
    },
    "projects/sqlfmt": {
      "name": "sqlfmt-lite",
      "version": "1.0.0",
      "license": "MIT",
      "engines": {
        "node": ">=20"
      }
    },
    "projects/subzen": {
      "version": "0.1.0",
      "license": "MIT",
      "bin": {
        "subzen": "bin/subzen.js"
      },
      "devDependencies": {},
      "engines": {
        "node": ">=18.0.0"
      }
    },
    "projects/text-forge": {
      "version": "1.0.0",
      "license": "MIT",
      "bin": {
        "text-forge": "bin/text-forge.js"
      },
      "devDependencies": {}
    },
    "projects/timeweave": {
      "version": "1.0.0",
      "license": "MIT",
      "engines": {
        "node": ">=20"
      }
    },
    "projects/ulid": {
      "name": "ulid-toolkit",
      "version": "1.0.0",
      "license": "MIT",
      "engines": {
        "node": ">=20"
      }
    },
    "projects/unit-convert": {
      "version": "1.0.0",
      "license": "MIT",
      "bin": {
        "unit-convert": "bin/unit-convert.js"
      },
      "devDependencies": {}
    },
    "projects/uuidgen": {
      "version": "1.0.0",
      "license": "MIT",
      "engines": {
        "node": ">=20"
      }
    },
    "projects/wordcount": {
      "version": "1.0.0",
      "license": "MIT",
      "engines": {
        "node": ">=20"
      }
    },
    "projects/yaml-json": {
      "version": "1.0.0",
      "license": "MIT",
      "engines": {
        "node": ">=20"
      }
    }
  }
}
