{
  "name": "small-tools-lab",
  "version": "1.0.0",
  "lockfileVersion": 3,
  "requires": true,
  "packages": {
    "": {
      "name": "small-tools-lab",
      "version": "1.0.0",
      "license": "MIT",
      "workspaces": [
        "projects/*"
      ],
      "engines": {
        "node": ">=20"
      }
    },
    "node_modules/action-budget": {
      "resolved": "projects/action-budget",
      "link": true
    },
    "node_modules/chromacraft": {
      "resolved": "projects/chromacraft",
      "link": true
    },
    "node_modules/env-matrix": {
      "resolved": "projects/env-matrix",
      "link": true
    },
    "node_modules/forge-ready": {
      "resolved": "projects/forge-ready",
      "link": true
    },
    "node_modules/git-risk-map": {
      "resolved": "projects/git-risk-map",
      "link": true
    },
    "node_modules/harnesslint": {
      "resolved": "projects/harnesslint",
      "link": true
    },
    "node_modules/patchbrief": {
      "resolved": "projects/patchbrief",
      "link": true
    },
    "node_modules/readme-studio": {
      "resolved": "projects/readme-studio",
      "link": true
    },
    "node_modules/schema-scout": {
      "resolved": "projects/schema-scout",
      "link": true
    },
    "node_modules/timeweave": {
      "resolved": "projects/timeweave",
      "link": true
    },
    "projects/action-budget": {
      "version": "0.1.0",
      "license": "MIT",
      "dependencies": {
        "yaml": "^2.9.0"
      },
      "bin": {
        "action-budget": "bin/action-budget.js",
        "actionbudget": "bin/action-budget.js"
      },
      "engines": {
        "node": ">=20"
      }
    },
    "projects/action-budget/node_modules/yaml": {
      "version": "2.9.0",
      "license": "ISC",
      "bin": {
        "yaml": "bin.mjs"
      },
      "engines": {
        "node": ">= 14.6"
      },
      "funding": {
        "url": "https://github.com/sponsors/eemeli"
      }
    },
    "projects/chromacraft": {
      "version": "1.0.0",
      "license": "MIT",
      "engines": {
        "node": ">=20"
      }
    },
    "projects/env-matrix": {
      "version": "0.1.0",
      "license": "MIT",
      "bin": {
        "env-matrix": "bin/env-matrix.js",
        "envmatrix": "bin/env-matrix.js"
      },
      "engines": {
        "node": ">=20"
      }
    },
    "projects/forge-ready": {
      "version": "0.1.0",
      "license": "MIT",
      "bin": {
        "forge-ready": "bin/forge-ready.js",
        "forgeready": "bin/forge-ready.js"
      },
      "engines": {
        "node": ">=20"
      }
    },
    "projects/git-risk-map": {
      "version": "0.1.0",
      "license": "MIT",
      "bin": {
        "git-risk-map": "bin/git-risk-map.js",
        "riskmap": "bin/git-risk-map.js"
      },
      "engines": {
        "node": ">=20"
      }
    },
    "projects/harnesslint": {
      "version": "0.1.0",
      "license": "MIT",
      "bin": {
        "harnesslint": "bin/harnesslint.js"
      },
      "engines": {
        "node": ">=20"
      }
    },
    "projects/patchbrief": {
      "version": "0.1.0",
      "license": "MIT",
      "bin": {
        "patchbrief": "bin/patchbrief.js"
      },
      "engines": {
        "node": ">=20"
      }
    },
    "projects/readme-studio": {
      "version": "1.0.0",
      "license": "MIT",
      "engines": {
        "node": ">=20"
      }
    },
    "projects/schema-scout": {
      "version": "1.0.0",
      "license": "MIT",
      "engines": {
        "node": ">=20"
      }
    },
    "projects/timeweave": {
      "version": "1.0.0",
      "license": "MIT",
      "engines": {
        "node": ">=20"
      }
    }
  }
}
