{
  "name": "env-matrix",
  "version": "0.1.0",
  "lockfileVersion": 3,
  "requires": true,
  "packages": {
    "": {
      "name": "env-matrix",
      "version": "0.1.0",
      "license": "MIT",
      "bin": {
        "env-matrix": "bin/env-matrix.js",
        "envmatrix": "bin/env-matrix.js"
      },
      "engines": {
        "node": ">=20"
      }
    }
  }
}
